
Microsoft Visual Studio Solution File, Format Version 12.00
# Visual Studio Version 16
VisualStudioVersion = 16.0.31424.327
MinimumVisualStudioVersion = 10.0.40219.1
Project("{FAE04EC0-301F-11D3-BF4B-00C04F79EFBC}") = "TcKimlikDogrulama1", "TcKimlikDogrulama1\TcKimlikDogrulama1.csproj", "{A17AC23A-C1F6-4722-8D0D-4C1813EDBF5B}"
EndProject
Global
	GlobalSection(SolutionConfigurationPlatforms) = preSolution
		Debug|Any CPU = Debug|Any CPU
		Release|Any CPU = Release|Any CPU
	EndGlobalSection
	GlobalSection(ProjectConfigurationPlatforms) = postSolution
		{A17AC23A-C1F6-4722-8D0D-4C1813EDBF5B}.Debug|Any CPU.ActiveCfg = Debug|Any CPU
		{A17AC23A-C1F6-4722-8D0D-4C1813EDBF5B}.Debug|Any CPU.Build.0 = Debug|Any CPU
		{A17AC23A-C1F6-4722-8D0D-4C1813EDBF5B}.Release|Any CPU.ActiveCfg = Release|Any CPU
		{A17AC23A-C1F6-4722-8D0D-4C1813EDBF5B}.Release|Any CPU.Build.0 = Release|Any CPU
	EndGlobalSection
	GlobalSection(SolutionProperties) = preSolution
		HideSolutionNode = FALSE
	EndGlobalSection
	GlobalSection(ExtensibilityGlobals) = postSolution
		SolutionGuid = {80A256B2-F4C0-4E46-93E6-6BEA9D977B5A}
	EndGlobalSection
EndGlobal
